PODS:
  - FBSnapshotTestCase (2.1.4):
    - FBSnapshotTestCase/SwiftSupport (= 2.1.4)
  - FBSnapshotTestCase/Core (2.1.4)
  - FBSnapshotTestCase/SwiftSupport (2.1.4):
    - FBSnapshotTestCase/Core
  - MMProgressHUD (0.3.2)
  - ZHShowLoading (0.1.1):
    - MMProgressHUD (~> 0.3.2)

DEPENDENCIES:
  - FBSnapshotTestCase
  - ZHShowLoading (from `../`)

SPEC REPOS:
  https://github.com/cocoapods/specs.git:
    - FBSnapshotTestCase
    - MMProgressHUD

EXTERNAL SOURCES:
  ZHShowLoading:
    :path: "../"

SPEC CHECKSUMS:
  FBSnapshotTestCase: 094f9f314decbabe373b87cc339bea235a63e07a
  MMProgressHUD: a913b116ba6791d67d37f9fb4211079200fb7595
  ZHShowLoading: 3ea3808a8ed1b545af0c9fcc1b37e344a7063bb3

PODFILE CHECKSUM: d9ab5ae33b36a62c0c17fd47669fa272725842cd

COCOAPODS: 1.7.5
